
Microsoft Visual Studio Solution File, Format Version 12.00
# Visual Studio Version 17
VisualStudioVersion = 17.14.36301.6
MinimumVisualStudioVersion = 10.0.40219.1
Project("{FAE04EC0-301F-11D3-BF4B-00C04F79EFBC}") = "Platform", "Platform\Platform.csproj", "{FAFBC0AB-BBF4-4598-8852-14E57745DB6C}"
EndProject
Project("{2150E333-8FDC-42A3-9474-1A3956D46DE8}") = "1.视图和视图模型(启动项目)", "1.视图和视图模型(启动项目)", "{02EA681E-C7D8-13C7-8484-4AC65E1B71E8}"
EndProject
Project("{2150E333-8FDC-42A3-9474-1A3956D46DE8}") = "2.业务模型", "2.业务模型", "{B1F6DD78-6033-4E5F-9D04-2A36FA386F65}"
EndProject
Project("{FAE04EC0-301F-11D3-BF4B-00C04F79EFBC}") = "Platform.Models", "Platform.Models\Platform.Models.csproj", "{46C56440-01E4-495D-8859-FC886FD656CF}"
EndProject
Project("{2150E333-8FDC-42A3-9474-1A3956D46DE8}") = "3.公共资源", "3.公共资源", "{D0863D0D-71AD-4264-AFBB-C96A92110E66}"
EndProject
Project("{FAE04EC0-301F-11D3-BF4B-00C04F79EFBC}") = "Platform.CommonResource", "Platform.CommonResource\Platform.CommonResource.csproj", "{E5A4A180-ED85-433F-BC99-5E519DF65C6B}"
EndProject
Project("{2150E333-8FDC-42A3-9474-1A3956D46DE8}") = "4.数据访问", "4.数据访问", "{9C6E6043-3C55-4A6B-A809-3DE7376F7A3D}"
EndProject
Project("{FAE04EC0-301F-11D3-BF4B-00C04F79EFBC}") = "Platform.DBAccess", "Platform.DBAccess\Platform.DBAccess.csproj", "{5FADF890-7DC6-44C1-AE19-D1DABF919B37}"
EndProject
Project("{FAE04EC0-301F-11D3-BF4B-00C04F79EFBC}") = "Platform.DeviceAccess", "Platform.DeviceAccess\Platform.DeviceAccess.csproj", "{28041C0C-5530-4471-8E07-74657B80D4DA}"
EndProject
Project("{2150E333-8FDC-42A3-9474-1A3956D46DE8}") = "5.数据实体", "5.数据实体", "{0174343F-8556-483F-8278-634C49562BED}"
EndProject
Project("{FAE04EC0-301F-11D3-BF4B-00C04F79EFBC}") = "Platform.DataEntities", "Platform.DataEntities\Platform.DataEntities.csproj", "{122F3357-5AA2-4E39-8639-89A33A00B6E7}"
EndProject
Project("{2150E333-8FDC-42A3-9474-1A3956D46DE8}") = "6.帮助项目", "6.帮助项目", "{86E9AD87-CD5F-468F-BA3C-691E6D945385}"
EndProject
Project("{FAE04EC0-301F-11D3-BF4B-00C04F79EFBC}") = "Platform.Helper", "Platform.Helper\Platform.Helper.csproj", "{CF64E3F2-6810-4019-843A-16500A91791F}"
EndProject
Project("{2150E333-8FDC-42A3-9474-1A3956D46DE8}") = "7.转换器", "7.转换器", "{1D784DD8-9447-4881-B69E-FCE8B8F37A2A}"
EndProject
Project("{FAE04EC0-301F-11D3-BF4B-00C04F79EFBC}") = "Platform.Converter", "Platform.Converter\Platform.Converter.csproj", "{8662E269-ACCD-494A-82D1-04E310D1A5FD}"
EndProject
Project("{2150E333-8FDC-42A3-9474-1A3956D46DE8}") = "8.组件开发", "8.组件开发", "{5C98D27A-3C6B-4ABB-8822-3B821776E5B9}"
EndProject
Project("{FAE04EC0-301F-11D3-BF4B-00C04F79EFBC}") = "Platform.Components", "Platform.Components\Platform.Components.csproj", "{641826CF-2C35-499A-AA37-854D9068592B}"
EndProject
Global
	GlobalSection(SolutionConfigurationPlatforms) = preSolution
		Debug|Any CPU = Debug|Any CPU
		Release|Any CPU = Release|Any CPU
	EndGlobalSection
	GlobalSection(ProjectConfigurationPlatforms) = postSolution
		{FAFBC0AB-BBF4-4598-8852-14E57745DB6C}.Debug|Any CPU.ActiveCfg = Debug|Any CPU
		{FAFBC0AB-BBF4-4598-8852-14E57745DB6C}.Debug|Any CPU.Build.0 = Debug|Any CPU
		{FAFBC0AB-BBF4-4598-8852-14E57745DB6C}.Release|Any CPU.ActiveCfg = Release|Any CPU
		{FAFBC0AB-BBF4-4598-8852-14E57745DB6C}.Release|Any CPU.Build.0 = Release|Any CPU
		{46C56440-01E4-495D-8859-FC886FD656CF}.Debug|Any CPU.ActiveCfg = Debug|Any CPU
		{46C56440-01E4-495D-8859-FC886FD656CF}.Debug|Any CPU.Build.0 = Debug|Any CPU
		{46C56440-01E4-495D-8859-FC886FD656CF}.Release|Any CPU.ActiveCfg = Release|Any CPU
		{46C56440-01E4-495D-8859-FC886FD656CF}.Release|Any CPU.Build.0 = Release|Any CPU
		{E5A4A180-ED85-433F-BC99-5E519DF65C6B}.Debug|Any CPU.ActiveCfg = Debug|Any CPU
		{E5A4A180-ED85-433F-BC99-5E519DF65C6B}.Debug|Any CPU.Build.0 = Debug|Any CPU
		{E5A4A180-ED85-433F-BC99-5E519DF65C6B}.Release|Any CPU.ActiveCfg = Release|Any CPU
		{E5A4A180-ED85-433F-BC99-5E519DF65C6B}.Release|Any CPU.Build.0 = Release|Any CPU
		{5FADF890-7DC6-44C1-AE19-D1DABF919B37}.Debug|Any CPU.ActiveCfg = Debug|Any CPU
		{5FADF890-7DC6-44C1-AE19-D1DABF919B37}.Debug|Any CPU.Build.0 = Debug|Any CPU
		{5FADF890-7DC6-44C1-AE19-D1DABF919B37}.Release|Any CPU.ActiveCfg = Release|Any CPU
		{5FADF890-7DC6-44C1-AE19-D1DABF919B37}.Release|Any CPU.Build.0 = Release|Any CPU
		{28041C0C-5530-4471-8E07-74657B80D4DA}.Debug|Any CPU.ActiveCfg = Debug|Any CPU
		{28041C0C-5530-4471-8E07-74657B80D4DA}.Debug|Any CPU.Build.0 = Debug|Any CPU
		{28041C0C-5530-4471-8E07-74657B80D4DA}.Release|Any CPU.ActiveCfg = Release|Any CPU
		{28041C0C-5530-4471-8E07-74657B80D4DA}.Release|Any CPU.Build.0 = Release|Any CPU
		{122F3357-5AA2-4E39-8639-89A33A00B6E7}.Debug|Any CPU.ActiveCfg = Debug|Any CPU
		{122F3357-5AA2-4E39-8639-89A33A00B6E7}.Debug|Any CPU.Build.0 = Debug|Any CPU
		{122F3357-5AA2-4E39-8639-89A33A00B6E7}.Release|Any CPU.ActiveCfg = Release|Any CPU
		{122F3357-5AA2-4E39-8639-89A33A00B6E7}.Release|Any CPU.Build.0 = Release|Any CPU
		{CF64E3F2-6810-4019-843A-16500A91791F}.Debug|Any CPU.ActiveCfg = Debug|Any CPU
		{CF64E3F2-6810-4019-843A-16500A91791F}.Debug|Any CPU.Build.0 = Debug|Any CPU
		{CF64E3F2-6810-4019-843A-16500A91791F}.Release|Any CPU.ActiveCfg = Release|Any CPU
		{CF64E3F2-6810-4019-843A-16500A91791F}.Release|Any CPU.Build.0 = Release|Any CPU
		{8662E269-ACCD-494A-82D1-04E310D1A5FD}.Debug|Any CPU.ActiveCfg = Debug|Any CPU
		{8662E269-ACCD-494A-82D1-04E310D1A5FD}.Debug|Any CPU.Build.0 = Debug|Any CPU
		{8662E269-ACCD-494A-82D1-04E310D1A5FD}.Release|Any CPU.ActiveCfg = Release|Any CPU
		{8662E269-ACCD-494A-82D1-04E310D1A5FD}.Release|Any CPU.Build.0 = Release|Any CPU
		{641826CF-2C35-499A-AA37-854D9068592B}.Debug|Any CPU.ActiveCfg = Debug|Any CPU
		{641826CF-2C35-499A-AA37-854D9068592B}.Debug|Any CPU.Build.0 = Debug|Any CPU
		{641826CF-2C35-499A-AA37-854D9068592B}.Release|Any CPU.ActiveCfg = Release|Any CPU
		{641826CF-2C35-499A-AA37-854D9068592B}.Release|Any CPU.Build.0 = Release|Any CPU
	EndGlobalSection
	GlobalSection(SolutionProperties) = preSolution
		HideSolutionNode = FALSE
	EndGlobalSection
	GlobalSection(NestedProjects) = preSolution
		{FAFBC0AB-BBF4-4598-8852-14E57745DB6C} = {02EA681E-C7D8-13C7-8484-4AC65E1B71E8}
		{46C56440-01E4-495D-8859-FC886FD656CF} = {B1F6DD78-6033-4E5F-9D04-2A36FA386F65}
		{E5A4A180-ED85-433F-BC99-5E519DF65C6B} = {D0863D0D-71AD-4264-AFBB-C96A92110E66}
		{5FADF890-7DC6-44C1-AE19-D1DABF919B37} = {9C6E6043-3C55-4A6B-A809-3DE7376F7A3D}
		{28041C0C-5530-4471-8E07-74657B80D4DA} = {9C6E6043-3C55-4A6B-A809-3DE7376F7A3D}
		{122F3357-5AA2-4E39-8639-89A33A00B6E7} = {0174343F-8556-483F-8278-634C49562BED}
		{CF64E3F2-6810-4019-843A-16500A91791F} = {86E9AD87-CD5F-468F-BA3C-691E6D945385}
		{8662E269-ACCD-494A-82D1-04E310D1A5FD} = {1D784DD8-9447-4881-B69E-FCE8B8F37A2A}
		{641826CF-2C35-499A-AA37-854D9068592B} = {5C98D27A-3C6B-4ABB-8822-3B821776E5B9}
	EndGlobalSection
	GlobalSection(ExtensibilityGlobals) = postSolution
		SolutionGuid = {27CAA5E1-C6C1-491F-83C3-EDD832CB747D}
	EndGlobalSection
EndGlobal
